
Microsoft Visual Studio Solution File, Format Version 12.00
# Visual Studio Version 17
VisualStudioVersion = 17.9.34723.18
MinimumVisualStudioVersion = 10.0.40219.1
Project("{FAE04EC0-301F-11D3-BF4B-00C04F79EFBC}") = "SupermarketCheckout", "SupermarketCheckout.csproj", "{F7A62BF9-3DA6-4D8B-8C8D-C4FC3C66F0AA}"
EndProject
Global
	GlobalSection(SolutionConfigurationPlatforms) = preSolution
		Debug|Any CPU = Debug|Any CPU
		Release|Any CPU = Release|Any CPU
	EndGlobalSection
	GlobalSection(ProjectConfigurationPlatforms) = postSolution
		{F7A62BF9-3DA6-4D8B-8C8D-C4FC3C66F0AA}.Debug|Any CPU.ActiveCfg = Debug|Any CPU
		{F7A62BF9-3DA6-4D8B-8C8D-C4FC3C66F0AA}.Debug|Any CPU.Build.0 = Debug|Any CPU
		{F7A62BF9-3DA6-4D8B-8C8D-C4FC3C66F0AA}.Release|Any CPU.ActiveCfg = Release|Any CPU
		{F7A62BF9-3DA6-4D8B-8C8D-C4FC3C66F0AA}.Release|Any CPU.Build.0 = Release|Any CPU
	EndGlobalSection
	GlobalSection(SolutionProperties) = preSolution
		HideSolutionNode = FALSE
	EndGlobalSection
	GlobalSection(ExtensibilityGlobals) = postSolution
		SolutionGuid = {787E7D1F-B7A1-4048-A19E-05F4BA0E3A3B}
	EndGlobalSection
EndGlobal
